
Microsoft Visual Studio Solution File, Format Version 12.00
# Visual Studio 15
VisualStudioVersion = 15.0.28010.2019
MinimumVisualStudioVersion = 10.0.40219.1
Project("{8BC9CEB8-8B4A-11D0-8D11-00A0C91BC942}") = "Dungeon_Puzzler", "Dungeon Puzzler.vcxproj", "{34709BE8-DB64-451D-9D8A-9040C4938483}"
EndProject
Project("{8BC9CEB8-8B4A-11D0-8D11-00A0C91BC942}") = "Tests", "Tests\Tests.vcxproj", "{9C60437D-1A1C-4C52-8E62-458F7F48B5A8}"
EndProject
Project("{2150E333-8FDC-42A3-9474-1A3956D46DE8}") = "Solution Items", "Solution Items", "{855FD658-4714-4A02-ACA7-DC25C7CA2564}"
	ProjectSection(SolutionItems) = preProject
		WebEssentials2015-Settings.json = WebEssentials2015-Settings.json
	EndProjectSection
EndProject
Global
	GlobalSection(SolutionConfigurationPlatforms) = preSolution
		Debug|x64 = Debug|x64
		Debug|x86 = Debug|x86
		Release|x64 = Release|x64
		Release|x86 = Release|x86
	EndGlobalSection
	GlobalSection(ProjectConfigurationPlatforms) = postSolution
		{34709BE8-DB64-451D-9D8A-9040C4938483}.Debug|x64.ActiveCfg = Debug|x64
		{34709BE8-DB64-451D-9D8A-9040C4938483}.Debug|x64.Build.0 = Debug|x64
		{34709BE8-DB64-451D-9D8A-9040C4938483}.Debug|x86.ActiveCfg = Debug|Win32
		{34709BE8-DB64-451D-9D8A-9040C4938483}.Debug|x86.Build.0 = Debug|Win32
		{34709BE8-DB64-451D-9D8A-9040C4938483}.Release|x64.ActiveCfg = Release|x64
		{34709BE8-DB64-451D-9D8A-9040C4938483}.Release|x64.Build.0 = Release|x64
		{34709BE8-DB64-451D-9D8A-9040C4938483}.Release|x86.ActiveCfg = Release|Win32
		{34709BE8-DB64-451D-9D8A-9040C4938483}.Release|x86.Build.0 = Release|Win32
		{9C60437D-1A1C-4C52-8E62-458F7F48B5A8}.Debug|x64.ActiveCfg = Debug|x64
		{9C60437D-1A1C-4C52-8E62-458F7F48B5A8}.Debug|x64.Build.0 = Debug|x64
		{9C60437D-1A1C-4C52-8E62-458F7F48B5A8}.Debug|x86.ActiveCfg = Debug|Win32
		{9C60437D-1A1C-4C52-8E62-458F7F48B5A8}.Debug|x86.Build.0 = Debug|Win32
		{9C60437D-1A1C-4C52-8E62-458F7F48B5A8}.Release|x64.ActiveCfg = Release|x64
		{9C60437D-1A1C-4C52-8E62-458F7F48B5A8}.Release|x64.Build.0 = Release|x64
		{9C60437D-1A1C-4C52-8E62-458F7F48B5A8}.Release|x86.ActiveCfg = Release|Win32
		{9C60437D-1A1C-4C52-8E62-458F7F48B5A8}.Release|x86.Build.0 = Release|Win32
	EndGlobalSection
	GlobalSection(SolutionProperties) = preSolution
		HideSolutionNode = FALSE
	EndGlobalSection
	GlobalSection(ExtensibilityGlobals) = postSolution
		SolutionGuid = {3B2C1411-130A-4345-9DED-E7FE0A574A01}
	EndGlobalSection
EndGlobal
