<?xml version="1.0" encoding="utf-8"?>
<Project ToolsVersion="4.0" xmlns="http://schemas.microsoft.com/developer/msbuild/2003">
  <ItemGroup>
    <ClCompile Include="D:\libs\libwebsockets\win32port\win32helpers\getopt.c" />
    <ClCompile Include="D:\libs\libwebsockets\win32port\win32helpers\getopt_long.c" />
    <ClCompile Include="D:\libs\libwebsockets\win32port\win32helpers\gettimeofday.c" />
    <ClCompile Include="main.cpp" />
    <ClCompile Include="gameplayer.cpp" />
    <ClCompile Include="gamemob.cpp" />
    <ClCompile Include="gamestate.cpp" />
    <ClCompile Include="gameclient.cpp" />
    <ClCompile Include="gamemanager.cpp" />
    <ClCompile Include="utils.cpp" />
    <ClCompile Include="gameunit.cpp" />
    <ClCompile Include="src\mobs\goblin.cpp" />
    <ClCompile Include="src\protobuf\connect.pb.cc">
      <Filter>protobuf</Filter>
    </ClCompile>
    <ClCompile Include="src\protobuf\playerUpdate.pb.cc">
      <Filter>protobuf</Filter>
    </ClCompile>
    <ClCompile Include="src\game_server_protocol.cpp" />
  </ItemGroup>
  <ItemGroup>
    <ClInclude Include="D:\libs\libwebsockets\win32port\win32helpers\getopt.h">
      <Filter>headers</Filter>
    </ClInclude>
    <ClInclude Include="D:\libs\libwebsockets\win32port\win32helpers\gettimeofday.h">
      <Filter>headers</Filter>
    </ClInclude>
    <ClInclude Include="server.h">
      <Filter>headers</Filter>
    </ClInclude>
    <ClInclude Include="gamestate.h">
      <Filter>headers</Filter>
    </ClInclude>
    <ClInclude Include="gamemob.h">
      <Filter>headers</Filter>
    </ClInclude>
    <ClInclude Include="eventmanager.h">
      <Filter>headers</Filter>
    </ClInclude>
    <ClInclude Include="gameplayer.h">
      <Filter>headers</Filter>
    </ClInclude>
    <ClInclude Include="gameclient.h">
      <Filter>headers</Filter>
    </ClInclude>
    <ClInclude Include="gamemanager.h">
      <Filter>headers</Filter>
    </ClInclude>
    <ClInclude Include="utils.h">
      <Filter>headers</Filter>
    </ClInclude>
    <ClInclude Include="gameunit.h">
      <Filter>headers</Filter>
    </ClInclude>
    <ClInclude Include="npcs.hpp" />
    <ClInclude Include="src\mobs\goblin.h">
      <Filter>headers\mobs</Filter>
    </ClInclude>
    <ClInclude Include="src\protobuf\connect.pb.h">
      <Filter>headers\protobuf</Filter>
    </ClInclude>
    <ClInclude Include="src\protobuf\playerUpdate.pb.h">
      <Filter>headers\protobuf</Filter>
    </ClInclude>
  </ItemGroup>
  <ItemGroup>
    <Filter Include="headers">
      <UniqueIdentifier>{063c5771-d45a-4291-bf50-419508eb92f4}</UniqueIdentifier>
    </Filter>
    <Filter Include="headers\mobs">
      <UniqueIdentifier>{998386cb-c96d-4e48-8c4e-ef54843972f5}</UniqueIdentifier>
    </Filter>
    <Filter Include="headers\protobuf">
      <UniqueIdentifier>{e45f58ac-225d-49d2-86a7-25e739906973}</UniqueIdentifier>
    </Filter>
    <Filter Include="protobuf">
      <UniqueIdentifier>{d7e79160-1c8a-46fb-beb1-61e0b0af2bff}</UniqueIdentifier>
    </Filter>
    <Filter Include="json">
      <UniqueIdentifier>{2536f259-c120-4635-af2c-40ccf2cf9c50}</UniqueIdentifier>
    </Filter>
  </ItemGroup>
  <ItemGroup>
    <CopyFileToFolders Include="..\src\assets\tiled_map\level1.json">
      <Filter>json</Filter>
    </CopyFileToFolders>
  </ItemGroup>
</Project>